<?xml version="1.0" encoding="utf-8"?>
<Project ToolsVersion="4.0" xmlns="http://schemas.microsoft.com/developer/msbuild/2003">
  <ItemGroup>
    <Filter Include="Source Files">
      <UniqueIdentifier>{4FC737F1-C7A5-4376-A066-2A32D752A2FF}</UniqueIdentifier>
      <Extensions>cpp;c;cc;cxx;def;odl;idl;hpj;bat;asm;asmx</Extensions>
    </Filter>
    <Filter Include="Header Files">
      <UniqueIdentifier>{93995380-89BD-4b04-88EB-625FBE52EBFB}</UniqueIdentifier>
      <Extensions>h;hpp;hxx;hm;inl;inc;xsd</Extensions>
    </Filter>
  </ItemGroup>
  <ItemGroup>
    <ClCompile Include="PreHeader.cpp">
      <Filter>Source Files</Filter>
    </ClCompile>
    <ClCompile Include="Globals.cpp">
      <Filter>Source Files</Filter>
    </ClCompile>
    <ClCompile Include="ObjectsManager.cpp">
      <Filter>Source Files</Filter>
    </ClCompile>
    <ClCompile Include="TextureLoader.cpp">
      <Filter>Source Files</Filter>
    </ClCompile>
    <ClCompile Include="Map.cpp">
      <Filter>Source Files</Filter>
    </ClCompile>
    <ClCompile Include="Geometry.cpp">
      <Filter>Source Files</Filter>
    </ClCompile>
    <ClCompile Include="Camera.cpp">
      <Filter>Source Files</Filter>
    </ClCompile>
    <ClCompile Include="CObjectBase.cpp">
      <Filter>Source Files</Filter>
    </ClCompile>
    <ClCompile Include="CObject.cpp">
      <Filter>Source Files</Filter>
    </ClCompile>
    <ClCompile Include="LayoutManager.cpp">
      <Filter>Source Files</Filter>
    </ClCompile>
    <ClCompile Include="ShadersManager.cpp">
      <Filter>Source Files</Filter>
    </ClCompile>
    <ClCompile Include="CPointLight.cpp">
      <Filter>Source Files</Filter>
    </ClCompile>
    <ClCompile Include="CPointsLightsManager.cpp">
      <Filter>Source Files</Filter>
    </ClCompile>
    <ClCompile Include="PostProcess.cpp">
      <Filter>Source Files</Filter>
    </ClCompile>
    <ClCompile Include="Main.cpp">
      <Filter>Source Files</Filter>
    </ClCompile>
    <ClCompile Include="Bloom.cpp">
      <Filter>Source Files</Filter>
    </ClCompile>
    <ClCompile Include="Drawer.cpp">
      <Filter>Source Files</Filter>
    </ClCompile>
    <ClCompile Include="CHalos.cpp">
      <Filter>Source Files</Filter>
    </ClCompile>
    <ClCompile Include="CMatrix.cpp">
      <Filter>Source Files</Filter>
    </ClCompile>
    <ClCompile Include="CArguments.cpp">
      <Filter>Source Files</Filter>
    </ClCompile>
    <ClCompile Include="CommandsManager.cpp">
      <Filter>Source Files</Filter>
    </ClCompile>
    <ClCompile Include="EngineCommands.cpp">
      <Filter>Source Files</Filter>
    </ClCompile>
    <ClCompile Include="HeapManager.cpp">
      <Filter>Source Files</Filter>
    </ClCompile>
    <ClCompile Include="HeapRef.cpp">
      <Filter>Source Files</Filter>
    </ClCompile>
    <ClCompile Include="HeapWin.cpp">
      <Filter>Source Files</Filter>
    </ClCompile>
    <ClCompile Include="CPhysics2D.cpp">
      <Filter>Source Files</Filter>
    </ClCompile>
    <ClCompile Include="CPhysics2DDrawer.cpp">
      <Filter>Source Files</Filter>
    </ClCompile>
    <ClCompile Include="IDManager.cpp">
      <Filter>Source Files</Filter>
    </ClCompile>
    <ClCompile Include="SplashScreen.cpp">
      <Filter>Source Files</Filter>
    </ClCompile>
    <ClCompile Include="TheTest.cpp">
      <Filter>Source Files</Filter>
    </ClCompile>
    <ClCompile Include="Skybox.cpp">
      <Filter>Source Files</Filter>
    </ClCompile>
    <ClCompile Include="StatesManagers.cpp">
      <Filter>Source Files</Filter>
    </ClCompile>
    <ClCompile Include="S3ASCLoader.cpp">
      <Filter>Source Files</Filter>
    </ClCompile>
    <ClCompile Include="CParticleSystemGPU.cpp">
      <Filter>Source Files</Filter>
    </ClCompile>
    <ClCompile Include="MouseKeyboard.cpp">
      <Filter>Source Files</Filter>
    </ClCompile>
    <ClCompile Include="RendererGlobals.cpp">
      <Filter>Source Files</Filter>
    </ClCompile>
    <ClCompile Include="LayoutsManager.cpp">
      <Filter>Source Files</Filter>
    </ClCompile>
    <ClCompile Include="VectorFieldFileLoader.cpp">
      <Filter>Source Files</Filter>
    </ClCompile>
  </ItemGroup>
  <ItemGroup>
    <ClInclude Include="PreHeader.hpp">
      <Filter>Header Files</Filter>
    </ClInclude>
    <ClInclude Include="Globals.hpp">
      <Filter>Header Files</Filter>
    </ClInclude>
    <ClInclude Include="ObjectsManager.hpp">
      <Filter>Header Files</Filter>
    </ClInclude>
    <ClInclude Include="TextureLoader.hpp">
      <Filter>Header Files</Filter>
    </ClInclude>
    <ClInclude Include="Map.hpp">
      <Filter>Header Files</Filter>
    </ClInclude>
    <ClInclude Include="Geometry.hpp">
      <Filter>Header Files</Filter>
    </ClInclude>
    <ClInclude Include="Camera.hpp">
      <Filter>Header Files</Filter>
    </ClInclude>
    <ClInclude Include="CObjectBase.hpp">
      <Filter>Header Files</Filter>
    </ClInclude>
    <ClInclude Include="CObject.hpp">
      <Filter>Header Files</Filter>
    </ClInclude>
    <ClInclude Include="LayoutManager.hpp">
      <Filter>Header Files</Filter>
    </ClInclude>
    <ClInclude Include="ShadersManager.hpp">
      <Filter>Header Files</Filter>
    </ClInclude>
    <ClInclude Include="CPointLight.hpp">
      <Filter>Header Files</Filter>
    </ClInclude>
    <ClInclude Include="CPointsLightsManager.hpp">
      <Filter>Header Files</Filter>
    </ClInclude>
    <ClInclude Include="PostProcess.hpp">
      <Filter>Header Files</Filter>
    </ClInclude>
    <ClInclude Include="Bloom.hpp">
      <Filter>Header Files</Filter>
    </ClInclude>
    <ClInclude Include="Drawer.hpp">
      <Filter>Header Files</Filter>
    </ClInclude>
    <ClInclude Include="CMatrix.hpp">
      <Filter>Header Files</Filter>
    </ClInclude>
    <ClInclude Include="CHalos.hpp">
      <Filter>Header Files</Filter>
    </ClInclude>
    <ClInclude Include="CArguments.hpp">
      <Filter>Header Files</Filter>
    </ClInclude>
    <ClInclude Include="CommandsManager.hpp">
      <Filter>Header Files</Filter>
    </ClInclude>
    <ClInclude Include="EngineCommands.hpp">
      <Filter>Header Files</Filter>
    </ClInclude>
    <ClInclude Include="Heap.hpp">
      <Filter>Header Files</Filter>
    </ClInclude>
    <ClInclude Include="HeapManager.hpp">
      <Filter>Header Files</Filter>
    </ClInclude>
    <ClInclude Include="HeapRef.hpp">
      <Filter>Header Files</Filter>
    </ClInclude>
    <ClInclude Include="HeapWin.hpp">
      <Filter>Header Files</Filter>
    </ClInclude>
    <ClInclude Include="CPhysics2D.hpp">
      <Filter>Header Files</Filter>
    </ClInclude>
    <ClInclude Include="CPhysics2DDrawer.hpp">
      <Filter>Header Files</Filter>
    </ClInclude>
    <ClInclude Include="IDManager.hpp">
      <Filter>Header Files</Filter>
    </ClInclude>
    <ClInclude Include="SplashScreen.hpp">
      <Filter>Header Files</Filter>
    </ClInclude>
    <ClInclude Include="The Test.hpp">
      <Filter>Header Files</Filter>
    </ClInclude>
    <ClInclude Include="Skybox.hpp">
      <Filter>Header Files</Filter>
    </ClInclude>
    <ClInclude Include="StatesManagers.hpp">
      <Filter>Header Files</Filter>
    </ClInclude>
    <ClInclude Include="S3ASCLoader.hpp">
      <Filter>Header Files</Filter>
    </ClInclude>
    <ClInclude Include="CParticleSystemGPU.hpp">
      <Filter>Header Files</Filter>
    </ClInclude>
    <ClInclude Include="HeapBase.hpp">
      <Filter>Header Files</Filter>
    </ClInclude>
    <ClInclude Include="DummyControlsMappingStruct.hpp">
      <Filter>Header Files</Filter>
    </ClInclude>
    <ClInclude Include="MouseKeyboard.hpp">
      <Filter>Header Files</Filter>
    </ClInclude>
    <ClInclude Include="RendererGlobals.hpp">
      <Filter>Header Files</Filter>
    </ClInclude>
    <ClInclude Include="LayoutsManager.hpp">
      <Filter>Header Files</Filter>
    </ClInclude>
    <ClInclude Include="VectorFieldFileLoader.hpp">
      <Filter>Header Files</Filter>
    </ClInclude>
    <ClInclude Include="BasicHeader.hpp">
      <Filter>Header Files</Filter>
    </ClInclude>
  </ItemGroup>
</Project>